
Microsoft Visual Studio Solution File, Format Version 12.00
# Visual Studio 15
VisualStudioVersion = 15.0.28010.2046
MinimumVisualStudioVersion = 10.0.40219.1
Project("{9A19103F-16F7-4668-BE54-9A1E7A4F7556}") = "Example.SpecFlow", "Example.SpecFlow\Example.SpecFlow.csproj", "{A1FF8CCB-0B7D-452C-80EC-DE976114808D}"
EndProject
Global
	GlobalSection(SolutionConfigurationPlatforms) = preSolution
		Debug|Any CPU = Debug|Any CPU
		Release|Any CPU = Release|Any CPU
	EndGlobalSection
	GlobalSection(ProjectConfigurationPlatforms) = postSolution
		{A1FF8CCB-0B7D-452C-80EC-DE976114808D}.Debug|Any CPU.ActiveCfg = Debug|Any CPU
		{A1FF8CCB-0B7D-452C-80EC-DE976114808D}.Debug|Any CPU.Build.0 = Debug|Any CPU
		{A1FF8CCB-0B7D-452C-80EC-DE976114808D}.Release|Any CPU.ActiveCfg = Release|Any CPU
		{A1FF8CCB-0B7D-452C-80EC-DE976114808D}.Release|Any CPU.Build.0 = Release|Any CPU
	EndGlobalSection
	GlobalSection(SolutionProperties) = preSolution
		HideSolutionNode = FALSE
	EndGlobalSection
	GlobalSection(ExtensibilityGlobals) = postSolution
		SolutionGuid = {C79602E6-D12B-4907-AC3D-F0DB4DEBB2BE}
	EndGlobalSection
EndGlobal
